# This file is generated by running "yarn install" inside your project.
# Manual changes might be lost - proceed with caution!

__metadata:
  version: 8
  cacheKey: 10c0

"@abhijit/foundation@workspace:^, @abhijit/foundation@workspace:packages/foundation":
  version: 0.0.0-use.local
  resolution: "@abhijit/foundation@workspace:packages/foundation"
  languageName: unknown
  linkType: soft

"@abhijit/react@workspace:^, @abhijit/react@workspace:packages/react":
  version: 0.0.0-use.local
  resolution: "@abhijit/react@workspace:packages/react"
  dependencies:
    "@abhijit/foundation": "workspace:^"
  languageName: unknown
  linkType: soft

"@abhijit/storybook@workspace:packages/storybook":
  version: 0.0.0-use.local
  resolution: "@abhijit/storybook@workspace:packages/storybook"
  dependencies:
    "@abhijit/foundation": "workspace:^"
    "@abhijit/react": "workspace:^"
  languageName: unknown
  linkType: soft

"root-workspace-0b6124@workspace:.":
  version: 0.0.0-use.local
  resolution: "root-workspace-0b6124@workspace:."
  languageName: unknown
  linkType: soft
